
Microsoft Visual Studio Solution File, Format Version 12.00
# Visual Studio Version 17
VisualStudioVersion = 17.0.31903.59
MinimumVisualStudioVersion = 10.0.40219.1
Project("{FAE04EC0-301F-11D3-BF4B-00C04F79EFBC}") = "FluentLocalization", "FluentLocalization\FluentLocalization.csproj", "{B633F035-44C7-4BA8-B282-CE93108F5C59}"
EndProject
Project("{FAE04EC0-301F-11D3-BF4B-00C04F79EFBC}") = "FluentLocalization.EfCore", "FluentLocalization.EfCore\FluentLocalization.EfCore.csproj", "{6D2BB993-E20B-4E19-98FC-06B9D835F449}"
EndProject
Global
	GlobalSection(SolutionConfigurationPlatforms) = preSolution
		Debug|Any CPU = Debug|Any CPU
		Release|Any CPU = Release|Any CPU
	EndGlobalSection
	GlobalSection(ProjectConfigurationPlatforms) = postSolution
		{B633F035-44C7-4BA8-B282-CE93108F5C59}.Debug|Any CPU.ActiveCfg = Debug|Any CPU
		{B633F035-44C7-4BA8-B282-CE93108F5C59}.Debug|Any CPU.Build.0 = Debug|Any CPU
		{B633F035-44C7-4BA8-B282-CE93108F5C59}.Release|Any CPU.ActiveCfg = Release|Any CPU
		{B633F035-44C7-4BA8-B282-CE93108F5C59}.Release|Any CPU.Build.0 = Release|Any CPU
		{6D2BB993-E20B-4E19-98FC-06B9D835F449}.Debug|Any CPU.ActiveCfg = Debug|Any CPU
		{6D2BB993-E20B-4E19-98FC-06B9D835F449}.Debug|Any CPU.Build.0 = Debug|Any CPU
		{6D2BB993-E20B-4E19-98FC-06B9D835F449}.Release|Any CPU.ActiveCfg = Release|Any CPU
		{6D2BB993-E20B-4E19-98FC-06B9D835F449}.Release|Any CPU.Build.0 = Release|Any CPU
	EndGlobalSection
	GlobalSection(SolutionProperties) = preSolution
		HideSolutionNode = FALSE
	EndGlobalSection
	GlobalSection(ExtensibilityGlobals) = postSolution
		SolutionGuid = {B0057960-411A-44FA-8F2E-61606DD6F506}
	EndGlobalSection
EndGlobal
